{
  "version": 4,
  "terraform_version": "1.2.1",
  "serial": 11,
  "lineage": "ce9fb18c-ec62-6b7e-eeb0-de1d3335208a",
  "outputs": {},
  "resources": [
    {
      "mode": "managed",
      "type": "google_cloudfunctions_function",
      "name": "func_from_tf_dt",
      "provider": "provider[\"registry.terraform.io/hashicorp/google\"]",
      "instances": [
        {
          "schema_version": 0,
          "attributes": {
            "available_memory_mb": 128,
            "build_environment_variables": null,
            "description": "minha primeira função pelo script terraform",
            "entry_point": "helloWorldtf",
            "environment_variables": {},
            "event_trigger": [],
            "https_trigger_url": "https://us-central1-delta-trees-352617.cloudfunctions.net/fun-from-tf",
            "id": "projects/delta-trees-352617/locations/us-central1/functions/fun-from-tf",
            "ingress_settings": "ALLOW_ALL",
            "labels": {},
            "max_instances": 0,
            "name": "fun-from-tf",
            "project": "delta-trees-352617",
            "region": "us-central1",
            "runtime": "nodejs16",
            "service_account_email": "delta-trees-352617@appspot.gserviceaccount.com",
            "source_archive_bucket": "fun_bucket_douglas",
            "source_archive_object": "files.zip",
            "source_repository": [],
            "timeout": 60,
            "timeouts": null,
            "trigger_http": true,
            "vpc_connector": "",
            "vpc_connector_egress_settings": ""
          },
          "sensitive_attributes": [],
          "private": "eyJlMmJmYjczMC1lY2FhLTExZTYtOGY4OC0zNDM2M2JjN2M0YzAiOnsiY3JlYXRlIjozMDAwMDAwMDAwMDAsImRlbGV0ZSI6MzAwMDAwMDAwMDAwLCJyZWFkIjozMDAwMDAwMDAwMDAsInVwZGF0ZSI6MzAwMDAwMDAwMDAwfX0=",
          "dependencies": [
            "google_storage_bucket.fun_bucket",
            "google_storage_bucket_object.nasrccodeme"
          ]
        }
      ]
    },
    {
      "mode": "managed",
      "type": "google_cloudfunctions_function_iam_member",
      "name": "allowAccess",
      "provider": "provider[\"registry.terraform.io/hashicorp/google\"]",
      "instances": [
        {
          "schema_version": 0,
          "attributes": {
            "cloud_function": "projects/delta-trees-352617/locations/us-central1/functions/fun-from-tf",
            "condition": [],
            "etag": "BwXg9A9NwcQ=",
            "id": "projects/delta-trees-352617/locations/us-central1/functions/fun-from-tf/roles/cloudfunctions.invoker/allUsers",
            "member": "allUsers",
            "project": "delta-trees-352617",
            "region": "us-central1",
            "role": "roles/cloudfunctions.invoker"
          },
          "sensitive_attributes": [],
          "private": "bnVsbA==",
          "dependencies": [
            "google_cloudfunctions_function.func_from_tf_dt"
          ]
        }
      ]
    },
    {
      "mode": "managed",
      "type": "google_storage_bucket",
      "name": "fun_bucket",
      "provider": "provider[\"registry.terraform.io/hashicorp/google\"]",
      "instances": [
        {
          "schema_version": 0,
          "attributes": {
            "bucket_policy_only": false,
            "cors": [],
            "default_event_based_hold": false,
            "encryption": [],
            "force_destroy": false,
            "id": "fun_bucket_douglas",
            "labels": {},
            "lifecycle_rule": [],
            "location": "US",
            "logging": [],
            "name": "fun_bucket_douglas",
            "project": "delta-trees-352617",
            "requester_pays": false,
            "retention_policy": [],
            "self_link": "https://www.googleapis.com/storage/v1/b/fun_bucket_douglas",
            "storage_class": "STANDARD",
            "uniform_bucket_level_access": false,
            "url": "gs://fun_bucket_douglas",
            "versioning": [],
            "website": []
          },
          "sensitive_attributes": [],
          "private": "bnVsbA=="
        }
      ]
    },
    {
      "mode": "managed",
      "type": "google_storage_bucket_object",
      "name": "nasrccodeme",
      "provider": "provider[\"registry.terraform.io/hashicorp/google\"]",
      "instances": [
        {
          "schema_version": 0,
          "attributes": {
            "bucket": "fun_bucket_douglas",
            "cache_control": "",
            "content": null,
            "content_disposition": "",
            "content_encoding": "",
            "content_language": "",
            "content_type": "application/zip",
            "crc32c": "Zy95Iw==",
            "customer_encryption": [],
            "detect_md5hash": "PIdiacE4eYThr9DiJWR+SQ==",
            "event_based_hold": false,
            "id": "fun_bucket_douglas-files.zip",
            "kms_key_name": "",
            "md5hash": "PIdiacE4eYThr9DiJWR+SQ==",
            "media_link": "https://storage.googleapis.com/download/storage/v1/b/fun_bucket_douglas/o/files.zip?generation=1654712183675423\u0026alt=media",
            "metadata": {},
            "name": "files.zip",
            "output_name": "files.zip",
            "self_link": "https://www.googleapis.com/storage/v1/b/fun_bucket_douglas/o/files.zip",
            "source": "files.zip",
            "storage_class": "STANDARD",
            "temporary_hold": false,
            "timeouts": null
          },
          "sensitive_attributes": [],
          "private": "eyJlMmJmYjczMC1lY2FhLTExZTYtOGY4OC0zNDM2M2JjN2M0YzAiOnsiY3JlYXRlIjoyNDAwMDAwMDAwMDAsImRlbGV0ZSI6MjQwMDAwMDAwMDAwLCJ1cGRhdGUiOjI0MDAwMDAwMDAwMH19",
          "dependencies": [
            "google_storage_bucket.fun_bucket"
          ]
        }
      ]
    }
  ]
}
